version: 1
source:
    kind: git
    version: 3.2.4
    ref: refs/tags/v3.2.4
    revision: db355f79d910bbfc6378117ed10868493c97b922
    tag: v3.2.4
fingerprint: sha256:93b516ff08f0b42023606d77a43f9ec68c59338f203068d7f841b73d34b2b428
status: submitted
images:
    - id: immich-server
      source_ref: ghcr.io/immich-app/immich-server:v3.2.4@sha256:04225d8995a221de3b73a6131fe25eed14448830e54998f30877a70f48c6ac13
      source_digest: sha256:04225d8995a221de3b73a6131fe25eed14448830e54998f30877a70f48c6ac13
      runtime_ref: registry.lazycat.cloud/peter/immich-app/immich-server:71ca94212310fa74
    - id: machine-learning
      source_ref: ghcr.io/immich-app/immich-machine-learning:v3.2.4@sha256:7909f11a1ce217ed660afb02545f26e4adf72a5282633db436972abdfa026d20
      source_digest: sha256:7909f11a1ce217ed660afb02545f26e4adf72a5282633db436972abdfa026d20
      runtime_ref: registry.lazycat.cloud/peter/immich-app/immich-machine-learning:649ae5ce4c22c3fb
    - id: redis
      source_ref: docker.io/valkey/valkey:9@sha256:70739f85ad2ee01a726a965584a0f94895f01b0c60b3cc8b0aeef11eaa6888cf
      source_digest: sha256:c7f03d95d897f97eef7ec2d4a6a1e2c0cbe62a36a56b00f304aa536cbe3ec9c1
      runtime_ref: registry.lazycat.cloud/peter/valkey/valkey:a5138112a2382a4c
    - id: postgres
      source_ref: ghcr.io/immich-app/postgres:14-vectorchord0.4.3-pgvectors0.2.0@sha256:bcf63357191b76a916ae5eb93464d65c07511da41e3bf7a8416db519b40b1c23
      source_digest: sha256:b1d33572a9a0634aa6d344077467ad32847812a37fa3859f702952cba22a2f55
      runtime_ref: registry.lazycat.cloud/peter/immich-app/postgres:bacbe7b332150178
application:
    package: dev.libr.immich
    version: 3.2.4
    lpk_sha256: 358fa143ca458a217b2cc8fc472f968552471cc61ae2a25c3a2a71f6c986af28
    changelog: |-
        Upstream 3.2.4 (since 3.2.2)
        - chore: version v3.2.4
        - chore(deps): update base-image to v202609281550 (#31854)
        - chore: version v3.2.3
        - fix(mobile): sync status page goes blank when the counts query fails (#31644)
